{
  "name": "srv",
  "version": "0.2.0",
  "lockfileVersion": 1,
  "requires": true,
  "dependencies": {
    "async-limiter": {
      "version": "1.0.0",
      "resolved": "https://registry.npmjs.org/async-limiter/-/async-limiter-1.0.0.tgz",
      "integrity": "sha512-jp/uFnooOiO+L211eZOoSyzpOITMXx1rBITauYykG3BRYPu8h0UcxsPNB04RR5vo4Tyz3+ay17tR6JVf9qzYWg=="
    },
    "bindings": {
      "version": "1.3.0",
      "resolved": "https://registry.npmjs.org/bindings/-/bindings-1.3.0.tgz",
      "integrity": "sha512-DpLh5EzMR2kzvX1KIlVC0VkC3iZtHKTgdtZ0a3pglBZdaQFjt5S9g9xd1lE+YvXyfd6mtCeRnrUfOLYiTMlNSw=="
    },
    "date-utils": {
      "version": "1.2.21",
      "resolved": "https://registry.npmjs.org/date-utils/-/date-utils-1.2.21.tgz",
      "integrity": "sha1-YfsWzcEnSzyayq/+n8ad+HIKK2Q="
    },
    "gpio": {
      "version": "0.2.7",
      "resolved": "https://registry.npmjs.org/gpio/-/gpio-0.2.7.tgz",
      "integrity": "sha1-vzhsiJYe/QpPag/3FnrA/zmX6rk="
    },
    "i2c-bus": {
      "version": "1.2.3",
      "resolved": "https://registry.npmjs.org/i2c-bus/-/i2c-bus-1.2.3.tgz",
      "integrity": "sha512-lYRuvFaKEQ4e+40qc753Tcbt56srAbdvOwm1tJ21gbuvZ7WydOKCUciv36vbD2+6NaAitoETC1TrwgQ4MxJ3uQ==",
      "requires": {
        "bindings": "1.3.0",
        "nan": "2.7.0"
      }
    },
    "ini-builder": {
      "version": "1.1.1",
      "resolved": "https://registry.npmjs.org/ini-builder/-/ini-builder-1.1.1.tgz",
      "integrity": "sha512-75kk/PhKAzS/O1HnNcVKby4tgLAi/TlMyOjY23pzIAGMr2YcmqTG7T/Oe1ltHwICGZAH8eEFX77PcSv2AzByrA=="
    },
    "nan": {
      "version": "2.7.0",
      "resolved": "https://registry.npmjs.org/nan/-/nan-2.7.0.tgz",
      "integrity": "sha1-2Vv3IeyHfgjbJ27T/G63j5CDrUY="
    },
    "raspi": {
      "version": "5.0.1",
      "resolved": "https://registry.npmjs.org/raspi/-/raspi-5.0.1.tgz",
      "integrity": "sha512-eYNZA3hVr/3WXXKuUrENN1CqsHqbFbpHIV3hyG27Y9lHk8oa6DKa9cl3DOCOV++l/gwq/1vERvsirQF1ldm/pQ=="
    },
    "raspi-board": {
      "version": "5.0.1",
      "resolved": "https://registry.npmjs.org/raspi-board/-/raspi-board-5.0.1.tgz",
      "integrity": "sha512-5GIzcavSl/fr6tU9sfLAB8uvtrqVBeRH8USphwB6iLhPcXdQ/qPuXsxj3jpeCLP1xV0jK8qT2/q+X3SWPJCCSg=="
    },
    "raspi-i2c": {
      "version": "6.1.0",
      "resolved": "https://registry.npmjs.org/raspi-i2c/-/raspi-i2c-6.1.0.tgz",
      "integrity": "sha512-mIgwtVYOvABK6exfDNNI03Vntfu9IjNMWuy2CA+FlvngbsaLstJf7FFdDlAHmQInq5f50AZBEKj/Aeg1O82avQ==",
      "requires": {
        "i2c-bus": "1.2.3",
        "ini-builder": "1.1.1",
        "raspi-board": "5.0.1",
        "raspi-peripheral": "2.0.1"
      }
    },
    "raspi-peripheral": {
      "version": "2.0.1",
      "resolved": "https://registry.npmjs.org/raspi-peripheral/-/raspi-peripheral-2.0.1.tgz",
      "integrity": "sha512-SzCix2YJAVdRhK20aQIzaW/ERUr+Ybrr//iVCk0jcdA3/DjSL54ScM+qf3mOf1QVjWcukvxC1uvjMY94WCSpzg==",
      "requires": {
        "raspi-board": "5.0.1"
      }
    },
    "safe-buffer": {
      "version": "5.1.1",
      "resolved": "https://registry.npmjs.org/safe-buffer/-/safe-buffer-5.1.1.tgz",
      "integrity": "sha512-kKvNJn6Mm93gAczWVJg7wH+wGYWNrDHdWvpUmHyEsgCtIwwo3bqPtV4tR5tuPaUhTOo/kvhVwd8XwwOllGYkbg=="
    },
    "ultron": {
      "version": "1.1.0",
      "resolved": "https://registry.npmjs.org/ultron/-/ultron-1.1.0.tgz",
      "integrity": "sha1-sHoualQagV/Go0zNRTO67DB8qGQ="
    },
    "ws": {
      "version": "3.2.0",
      "resolved": "https://registry.npmjs.org/ws/-/ws-3.2.0.tgz",
      "integrity": "sha512-hTS3mkXm/j85jTQOIcwVz3yK3up9xHgPtgEhDBOH3G18LDOZmSAG1omJeXejLKJakx+okv8vS1sopgs7rw0kVw==",
      "requires": {
        "async-limiter": "1.0.0",
        "safe-buffer": "5.1.1",
        "ultron": "1.1.0"
      }
    }
  }
}
